
Microsoft Visual Studio Solution File, Format Version 12.00
# Visual Studio Version 16
VisualStudioVersion = 16.0.31005.135
MinimumVisualStudioVersion = 10.0.40219.1
Project("{FAE04EC0-301F-11D3-BF4B-00C04F79EFBC}") = "richter_waitlock1", "richter_waitlock1\richter_waitlock1.csproj", "{125FA028-1928-40A3-B45A-1F92E9351D69}"
EndProject
Global
	GlobalSection(SolutionConfigurationPlatforms) = preSolution
		Debug|Any CPU = Debug|Any CPU
		Release|Any CPU = Release|Any CPU
	EndGlobalSection
	GlobalSection(ProjectConfigurationPlatforms) = postSolution
		{125FA028-1928-40A3-B45A-1F92E9351D69}.Debug|Any CPU.ActiveCfg = Debug|Any CPU
		{125FA028-1928-40A3-B45A-1F92E9351D69}.Debug|Any CPU.Build.0 = Debug|Any CPU
		{125FA028-1928-40A3-B45A-1F92E9351D69}.Release|Any CPU.ActiveCfg = Release|Any CPU
		{125FA028-1928-40A3-B45A-1F92E9351D69}.Release|Any CPU.Build.0 = Release|Any CPU
	EndGlobalSection
	GlobalSection(SolutionProperties) = preSolution
		HideSolutionNode = FALSE
	EndGlobalSection
	GlobalSection(ExtensibilityGlobals) = postSolution
		SolutionGuid = {1FFAEDC6-1891-4DA8-B41D-439E43A30E50}
	EndGlobalSection
EndGlobal
